
Microsoft Visual Studio Solution File, Format Version 12.00
# Visual Studio Version 16
VisualStudioVersion = 16.0.31005.135
MinimumVisualStudioVersion = 10.0.40219.1
Project("{FAE04EC0-301F-11D3-BF4B-00C04F79EFBC}") = "FullTextSearch.Crawler", "CrawlerIR2\CrawlerIR2\FullTextSearch.Crawler.csproj", "{1BC2B356-CFC4-4D86-AAD8-82441403C251}"
EndProject
Project("{FAE04EC0-301F-11D3-BF4B-00C04F79EFBC}") = "FullTextSearch.UI", "FullTextSearch.UI\FullTextSearch.UI.csproj", "{A74BBE2E-FF13-418F-8553-C1CD1305B240}"
EndProject
Project("{FAE04EC0-301F-11D3-BF4B-00C04F79EFBC}") = "FullTextSearch.Core", "FullTextSearch.Core\FullTextSearch.Core.csproj", "{EF179A03-F6F1-415D-B381-E2420FD240E1}"
EndProject
Project("{FAE04EC0-301F-11D3-BF4B-00C04F79EFBC}") = "FullTextSearch.Indexer", "FullTextSearch.Indexer\FullTextSearch.Indexer.csproj", "{F44A8E42-72DC-4AA5-B085-AA1AF56E8C87}"
EndProject
Project("{FAE04EC0-301F-11D3-BF4B-00C04F79EFBC}") = "FullTextSearch.SimpleLogger", "FullTextSearch.SimpleLogger\FullTextSearch.SimpleLogger.csproj", "{83DF29C1-A3E9-4CFD-92C2-41DAD640D4D9}"
EndProject
Project("{FAE04EC0-301F-11D3-BF4B-00C04F79EFBC}") = "FullTextSearch.Tests", "FullTextSearch.Tests\FullTextSearch.Tests.csproj", "{38CEBD5A-3078-4FFE-9C93-7B4BFD1FAB25}"
EndProject
Global
	GlobalSection(SolutionConfigurationPlatforms) = preSolution
		Debug|Any CPU = Debug|Any CPU
		Release|Any CPU = Release|Any CPU
	EndGlobalSection
	GlobalSection(ProjectConfigurationPlatforms) = postSolution
		{1BC2B356-CFC4-4D86-AAD8-82441403C251}.Debug|Any CPU.ActiveCfg = Debug|Any CPU
		{1BC2B356-CFC4-4D86-AAD8-82441403C251}.Debug|Any CPU.Build.0 = Debug|Any CPU
		{1BC2B356-CFC4-4D86-AAD8-82441403C251}.Release|Any CPU.ActiveCfg = Release|Any CPU
		{1BC2B356-CFC4-4D86-AAD8-82441403C251}.Release|Any CPU.Build.0 = Release|Any CPU
		{A74BBE2E-FF13-418F-8553-C1CD1305B240}.Debug|Any CPU.ActiveCfg = Debug|Any CPU
		{A74BBE2E-FF13-418F-8553-C1CD1305B240}.Debug|Any CPU.Build.0 = Debug|Any CPU
		{A74BBE2E-FF13-418F-8553-C1CD1305B240}.Release|Any CPU.ActiveCfg = Release|Any CPU
		{A74BBE2E-FF13-418F-8553-C1CD1305B240}.Release|Any CPU.Build.0 = Release|Any CPU
		{EF179A03-F6F1-415D-B381-E2420FD240E1}.Debug|Any CPU.ActiveCfg = Debug|Any CPU
		{EF179A03-F6F1-415D-B381-E2420FD240E1}.Debug|Any CPU.Build.0 = Debug|Any CPU
		{EF179A03-F6F1-415D-B381-E2420FD240E1}.Release|Any CPU.ActiveCfg = Release|Any CPU
		{EF179A03-F6F1-415D-B381-E2420FD240E1}.Release|Any CPU.Build.0 = Release|Any CPU
		{F44A8E42-72DC-4AA5-B085-AA1AF56E8C87}.Debug|Any CPU.ActiveCfg = Debug|Any CPU
		{F44A8E42-72DC-4AA5-B085-AA1AF56E8C87}.Debug|Any CPU.Build.0 = Debug|Any CPU
		{F44A8E42-72DC-4AA5-B085-AA1AF56E8C87}.Release|Any CPU.ActiveCfg = Release|Any CPU
		{F44A8E42-72DC-4AA5-B085-AA1AF56E8C87}.Release|Any CPU.Build.0 = Release|Any CPU
		{83DF29C1-A3E9-4CFD-92C2-41DAD640D4D9}.Debug|Any CPU.ActiveCfg = Debug|Any CPU
		{83DF29C1-A3E9-4CFD-92C2-41DAD640D4D9}.Debug|Any CPU.Build.0 = Debug|Any CPU
		{83DF29C1-A3E9-4CFD-92C2-41DAD640D4D9}.Release|Any CPU.ActiveCfg = Release|Any CPU
		{83DF29C1-A3E9-4CFD-92C2-41DAD640D4D9}.Release|Any CPU.Build.0 = Release|Any CPU
		{38CEBD5A-3078-4FFE-9C93-7B4BFD1FAB25}.Debug|Any CPU.ActiveCfg = Debug|Any CPU
		{38CEBD5A-3078-4FFE-9C93-7B4BFD1FAB25}.Debug|Any CPU.Build.0 = Debug|Any CPU
		{38CEBD5A-3078-4FFE-9C93-7B4BFD1FAB25}.Release|Any CPU.ActiveCfg = Release|Any CPU
		{38CEBD5A-3078-4FFE-9C93-7B4BFD1FAB25}.Release|Any CPU.Build.0 = Release|Any CPU
	EndGlobalSection
	GlobalSection(SolutionProperties) = preSolution
		HideSolutionNode = FALSE
	EndGlobalSection
	GlobalSection(ExtensibilityGlobals) = postSolution
		SolutionGuid = {C9E95E8C-2097-4C48-B8BD-FC3EB69C6EA1}
	EndGlobalSection
EndGlobal
